
Microsoft Visual Studio Solution File, Format Version 12.00
# Visual Studio Version 16
VisualStudioVersion = 16.0.31911.196
MinimumVisualStudioVersion = 10.0.40219.1
Project("{9A19103F-16F7-4668-BE54-9A1E7A4F7556}") = "Codecool.CodecoolersEverywhere", "Codecool.CodecoolersEverywhere.csproj", "{34453511-119D-4750-ACE5-121820C571F1}"
EndProject
Global
	GlobalSection(SolutionConfigurationPlatforms) = preSolution
		Debug|Any CPU = Debug|Any CPU
		Release|Any CPU = Release|Any CPU
	EndGlobalSection
	GlobalSection(ProjectConfigurationPlatforms) = postSolution
		{34453511-119D-4750-ACE5-121820C571F1}.Debug|Any CPU.ActiveCfg = Debug|Any CPU
		{34453511-119D-4750-ACE5-121820C571F1}.Debug|Any CPU.Build.0 = Debug|Any CPU
		{34453511-119D-4750-ACE5-121820C571F1}.Release|Any CPU.ActiveCfg = Release|Any CPU
		{34453511-119D-4750-ACE5-121820C571F1}.Release|Any CPU.Build.0 = Release|Any CPU
	EndGlobalSection
	GlobalSection(SolutionProperties) = preSolution
		HideSolutionNode = FALSE
	EndGlobalSection
	GlobalSection(ExtensibilityGlobals) = postSolution
		SolutionGuid = {A1A5AA33-E653-40FB-911C-866F65377022}
	EndGlobalSection
EndGlobal
